# gnomod.lock, generated by gnopm. Do not hand-edit.
#
# One entry per resolvable module path. `source` says where that version's
# code actually is: `dir` for the copy in the working tree, `commit`+`dir`
# for a version that now exists only in this repository's git history.
# `gnopm sync` materializes the latter under .gnopm/.

lock = 1

[[module]]
module = "gno.land/p/demo/math/bignum/v0"
source = { dir = "p/demo/math/bignum" }

[[module]]
module = "gno.land/p/demo/strs/v0"
source = { commit = "551977945cb3ba6478e9e6181f244206ab4a622f", dir = "p/demo/strs/v0" }
hash = "h1:/A1CIWwCxDZ4cf9ntIOoDQHbk7VOUB3EyDhB4w5WgUY="

[[module]]
module = "gno.land/p/demo/strs/v1"
source = { dir = "p/demo/strs" }

[[module]]
module = "gno.land/p/demo/table/v0"
source = { dir = "p/demo/table" }

[[module]]
module = "gno.land/r/demo/board/v0"
source = { dir = "r/demo/board" }
